
Microsoft Visual Studio Solution File, Format Version 12.00
# Visual Studio Version 16
VisualStudioVersion = 16.0.31702.278
MinimumVisualStudioVersion = 10.0.40219.1
Project("{9A19103F-16F7-4668-BE54-9A1E7A4F7556}") = "AdminsGuide", "AdminsGuide\AdminsGuide.csproj", "{3564388F-CEE9-4905-BC71-1AEED4C850B4}"
EndProject
Global
	GlobalSection(SolutionConfigurationPlatforms) = preSolution
		Debug|Any CPU = Debug|Any CPU
		Release|Any CPU = Release|Any CPU
	EndGlobalSection
	GlobalSection(ProjectConfigurationPlatforms) = postSolution
		{3564388F-CEE9-4905-BC71-1AEED4C850B4}.Debug|Any CPU.ActiveCfg = Debug|Any CPU
		{3564388F-CEE9-4905-BC71-1AEED4C850B4}.Debug|Any CPU.Build.0 = Debug|Any CPU
		{3564388F-CEE9-4905-BC71-1AEED4C850B4}.Release|Any CPU.ActiveCfg = Release|Any CPU
		{3564388F-CEE9-4905-BC71-1AEED4C850B4}.Release|Any CPU.Build.0 = Release|Any CPU
	EndGlobalSection
	GlobalSection(SolutionProperties) = preSolution
		HideSolutionNode = FALSE
	EndGlobalSection
	GlobalSection(ExtensibilityGlobals) = postSolution
		SolutionGuid = {A00C1D2E-98C4-416E-AD62-8BAE3981D2E6}
	EndGlobalSection
EndGlobal
